
Microsoft Visual Studio Solution File, Format Version 12.00
# Visual Studio 15
VisualStudioVersion = 15.0.28010.2036
MinimumVisualStudioVersion = 10.0.40219.1
Project("{FAE04EC0-301F-11D3-BF4B-00C04F79EFBC}") = "PrintTest.Android", "PrintTest\PrintTest.Android\PrintTest.Android.csproj", "{C41EEA19-E011-4906-9483-D7ED2416A64D}"
EndProject
Project("{FAE04EC0-301F-11D3-BF4B-00C04F79EFBC}") = "PrintTest.iOS", "PrintTest\PrintTest.iOS\PrintTest.iOS.csproj", "{8F3758FA-F747-4C58-8367-A66217EF3E00}"
EndProject
Project("{9A19103F-16F7-4668-BE54-9A1E7A4F7556}") = "PrintTest", "PrintTest\PrintTest\PrintTest.csproj", "{1B5D6DD2-6481-4079-A7B5-49218A72B172}"
EndProject
Project("{FAE04EC0-301F-11D3-BF4B-00C04F79EFBC}") = "BrotherPrinterAndroid", "BrotherPrinterAndroid\BrotherPrinterAndroid.csproj", "{C09DEA28-774E-48A0-880D-FF387E4AA6AA}"
EndProject
Project("{FAE04EC0-301F-11D3-BF4B-00C04F79EFBC}") = "BrotherPrinterIOS", "BrotherPrinterIOS\BrotherPrinterIOS.csproj", "{0DBD983F-BD8F-4BD6-B08A-AD28457D35EF}"
EndProject
Project("{FAE04EC0-301F-11D3-BF4B-00C04F79EFBC}") = "BrotherPrinterIOS2", "BrotherPrinterIOS2\BrotherPrinterIOS2.csproj", "{F2DC166E-992E-410A-875E-C0CF50566CD9}"
EndProject
Global
	GlobalSection(SolutionConfigurationPlatforms) = preSolution
		Ad-Hoc|Any CPU = Ad-Hoc|Any CPU
		Ad-Hoc|iPhone = Ad-Hoc|iPhone
		Ad-Hoc|iPhoneSimulator = Ad-Hoc|iPhoneSimulator
		AppStore|Any CPU = AppStore|Any CPU
		AppStore|iPhone = AppStore|iPhone
		AppStore|iPhoneSimulator = AppStore|iPhoneSimulator
		Debug|Any CPU = Debug|Any CPU
		Debug|iPhone = Debug|iPhone
		Debug|iPhoneSimulator = Debug|iPhoneSimulator
		Release|Any CPU = Release|Any CPU
		Release|iPhone = Release|iPhone
		Release|iPhoneSimulator = Release|iPhoneSimulator
	EndGlobalSection
	GlobalSection(ProjectConfigurationPlatforms) = postSolution
		{C41EEA19-E011-4906-9483-D7ED2416A64D}.Ad-Hoc|Any CPU.ActiveCfg = Release|Any CPU
		{C41EEA19-E011-4906-9483-D7ED2416A64D}.Ad-Hoc|Any CPU.Build.0 = Release|Any CPU
		{C41EEA19-E011-4906-9483-D7ED2416A64D}.Ad-Hoc|Any CPU.Deploy.0 = Release|Any CPU
		{C41EEA19-E011-4906-9483-D7ED2416A64D}.Ad-Hoc|iPhone.ActiveCfg = Release|Any CPU
		{C41EEA19-E011-4906-9483-D7ED2416A64D}.Ad-Hoc|iPhone.Build.0 = Release|Any CPU
		{C41EEA19-E011-4906-9483-D7ED2416A64D}.Ad-Hoc|iPhone.Deploy.0 = Release|Any CPU
		{C41EEA19-E011-4906-9483-D7ED2416A64D}.Ad-Hoc|iPhoneSimulator.ActiveCfg = Release|Any CPU
		{C41EEA19-E011-4906-9483-D7ED2416A64D}.Ad-Hoc|iPhoneSimulator.Build.0 = Release|Any CPU
		{C41EEA19-E011-4906-9483-D7ED2416A64D}.Ad-Hoc|iPhoneSimulator.Deploy.0 = Release|Any CPU
		{C41EEA19-E011-4906-9483-D7ED2416A64D}.AppStore|Any CPU.ActiveCfg = Release|Any CPU
		{C41EEA19-E011-4906-9483-D7ED2416A64D}.AppStore|Any CPU.Build.0 = Release|Any CPU
		{C41EEA19-E011-4906-9483-D7ED2416A64D}.AppStore|Any CPU.Deploy.0 = Release|Any CPU
		{C41EEA19-E011-4906-9483-D7ED2416A64D}.AppStore|iPhone.ActiveCfg = Release|Any CPU
		{C41EEA19-E011-4906-9483-D7ED2416A64D}.AppStore|iPhone.Build.0 = Release|Any CPU
		{C41EEA19-E011-4906-9483-D7ED2416A64D}.AppStore|iPhone.Deploy.0 = Release|Any CPU
		{C41EEA19-E011-4906-9483-D7ED2416A64D}.AppStore|iPhoneSimulator.ActiveCfg = Release|Any CPU
		{C41EEA19-E011-4906-9483-D7ED2416A64D}.AppStore|iPhoneSimulator.Build.0 = Release|Any CPU
		{C41EEA19-E011-4906-9483-D7ED2416A64D}.AppStore|iPhoneSimulator.Deploy.0 = Release|Any CPU
		{C41EEA19-E011-4906-9483-D7ED2416A64D}.Debug|Any CPU.ActiveCfg = Debug|Any CPU
		{C41EEA19-E011-4906-9483-D7ED2416A64D}.Debug|Any CPU.Build.0 = Debug|Any CPU
		{C41EEA19-E011-4906-9483-D7ED2416A64D}.Debug|Any CPU.Deploy.0 = Debug|Any CPU
		{C41EEA19-E011-4906-9483-D7ED2416A64D}.Debug|iPhone.ActiveCfg = Debug|Any CPU
		{C41EEA19-E011-4906-9483-D7ED2416A64D}.Debug|iPhone.Build.0 = Debug|Any CPU
		{C41EEA19-E011-4906-9483-D7ED2416A64D}.Debug|iPhone.Deploy.0 = Debug|Any CPU
		{C41EEA19-E011-4906-9483-D7ED2416A64D}.Debug|iPhoneSimulator.ActiveCfg = Debug|Any CPU
		{C41EEA19-E011-4906-9483-D7ED2416A64D}.Debug|iPhoneSimulator.Build.0 = Debug|Any CPU
		{C41EEA19-E011-4906-9483-D7ED2416A64D}.Debug|iPhoneSimulator.Deploy.0 = Debug|Any CPU
		{C41EEA19-E011-4906-9483-D7ED2416A64D}.Release|Any CPU.ActiveCfg = Release|Any CPU
		{C41EEA19-E011-4906-9483-D7ED2416A64D}.Release|Any CPU.Build.0 = Release|Any CPU
		{C41EEA19-E011-4906-9483-D7ED2416A64D}.Release|Any CPU.Deploy.0 = Release|Any CPU
		{C41EEA19-E011-4906-9483-D7ED2416A64D}.Release|iPhone.ActiveCfg = Release|Any CPU
		{C41EEA19-E011-4906-9483-D7ED2416A64D}.Release|iPhone.Build.0 = Release|Any CPU
		{C41EEA19-E011-4906-9483-D7ED2416A64D}.Release|iPhone.Deploy.0 = Release|Any CPU
		{C41EEA19-E011-4906-9483-D7ED2416A64D}.Release|iPhoneSimulator.ActiveCfg = Release|Any CPU
		{C41EEA19-E011-4906-9483-D7ED2416A64D}.Release|iPhoneSimulator.Build.0 = Release|Any CPU
		{C41EEA19-E011-4906-9483-D7ED2416A64D}.Release|iPhoneSimulator.Deploy.0 = Release|Any CPU
		{8F3758FA-F747-4C58-8367-A66217EF3E00}.Ad-Hoc|Any CPU.ActiveCfg = Ad-Hoc|iPhone
		{8F3758FA-F747-4C58-8367-A66217EF3E00}.Ad-Hoc|Any CPU.Build.0 = Ad-Hoc|iPhone
		{8F3758FA-F747-4C58-8367-A66217EF3E00}.Ad-Hoc|Any CPU.Deploy.0 = Ad-Hoc|iPhone
		{8F3758FA-F747-4C58-8367-A66217EF3E00}.Ad-Hoc|iPhone.ActiveCfg = Ad-Hoc|iPhone
		{8F3758FA-F747-4C58-8367-A66217EF3E00}.Ad-Hoc|iPhone.Build.0 = Ad-Hoc|iPhone
		{8F3758FA-F747-4C58-8367-A66217EF3E00}.Ad-Hoc|iPhone.Deploy.0 = Ad-Hoc|iPhone
		{8F3758FA-F747-4C58-8367-A66217EF3E00}.Ad-Hoc|iPhoneSimulator.ActiveCfg = Ad-Hoc|iPhoneSimulator
		{8F3758FA-F747-4C58-8367-A66217EF3E00}.Ad-Hoc|iPhoneSimulator.Build.0 = Ad-Hoc|iPhoneSimulator
		{8F3758FA-F747-4C58-8367-A66217EF3E00}.Ad-Hoc|iPhoneSimulator.Deploy.0 = Ad-Hoc|iPhoneSimulator
		{8F3758FA-F747-4C58-8367-A66217EF3E00}.AppStore|Any CPU.ActiveCfg = AppStore|iPhone
		{8F3758FA-F747-4C58-8367-A66217EF3E00}.AppStore|Any CPU.Build.0 = AppStore|iPhone
		{8F3758FA-F747-4C58-8367-A66217EF3E00}.AppStore|Any CPU.Deploy.0 = AppStore|iPhone
		{8F3758FA-F747-4C58-8367-A66217EF3E00}.AppStore|iPhone.ActiveCfg = AppStore|iPhone
		{8F3758FA-F747-4C58-8367-A66217EF3E00}.AppStore|iPhone.Build.0 = AppStore|iPhone
		{8F3758FA-F747-4C58-8367-A66217EF3E00}.AppStore|iPhone.Deploy.0 = AppStore|iPhone
		{8F3758FA-F747-4C58-8367-A66217EF3E00}.AppStore|iPhoneSimulator.ActiveCfg = AppStore|iPhoneSimulator
		{8F3758FA-F747-4C58-8367-A66217EF3E00}.AppStore|iPhoneSimulator.Build.0 = AppStore|iPhoneSimulator
		{8F3758FA-F747-4C58-8367-A66217EF3E00}.AppStore|iPhoneSimulator.Deploy.0 = AppStore|iPhoneSimulator
		{8F3758FA-F747-4C58-8367-A66217EF3E00}.Debug|Any CPU.ActiveCfg = Debug|iPhone
		{8F3758FA-F747-4C58-8367-A66217EF3E00}.Debug|Any CPU.Build.0 = Debug|iPhone
		{8F3758FA-F747-4C58-8367-A66217EF3E00}.Debug|Any CPU.Deploy.0 = Debug|iPhone
		{8F3758FA-F747-4C58-8367-A66217EF3E00}.Debug|iPhone.ActiveCfg = Debug|iPhone
		{8F3758FA-F747-4C58-8367-A66217EF3E00}.Debug|iPhone.Build.0 = Debug|iPhone
		{8F3758FA-F747-4C58-8367-A66217EF3E00}.Debug|iPhone.Deploy.0 = Debug|iPhone
		{8F3758FA-F747-4C58-8367-A66217EF3E00}.Debug|iPhoneSimulator.ActiveCfg = Debug|iPhoneSimulator
		{8F3758FA-F747-4C58-8367-A66217EF3E00}.Debug|iPhoneSimulator.Build.0 = Debug|iPhoneSimulator
		{8F3758FA-F747-4C58-8367-A66217EF3E00}.Debug|iPhoneSimulator.Deploy.0 = Debug|iPhoneSimulator
		{8F3758FA-F747-4C58-8367-A66217EF3E00}.Release|Any CPU.ActiveCfg = Release|iPhone
		{8F3758FA-F747-4C58-8367-A66217EF3E00}.Release|Any CPU.Build.0 = Release|iPhone
		{8F3758FA-F747-4C58-8367-A66217EF3E00}.Release|Any CPU.Deploy.0 = Release|iPhone
		{8F3758FA-F747-4C58-8367-A66217EF3E00}.Release|iPhone.ActiveCfg = Release|iPhone
		{8F3758FA-F747-4C58-8367-A66217EF3E00}.Release|iPhone.Build.0 = Release|iPhone
		{8F3758FA-F747-4C58-8367-A66217EF3E00}.Release|iPhone.Deploy.0 = Release|iPhone
		{8F3758FA-F747-4C58-8367-A66217EF3E00}.Release|iPhoneSimulator.ActiveCfg = Release|iPhoneSimulator
		{8F3758FA-F747-4C58-8367-A66217EF3E00}.Release|iPhoneSimulator.Build.0 = Release|iPhoneSimulator
		{8F3758FA-F747-4C58-8367-A66217EF3E00}.Release|iPhoneSimulator.Deploy.0 = Release|iPhoneSimulator
		{1B5D6DD2-6481-4079-A7B5-49218A72B172}.Ad-Hoc|Any CPU.ActiveCfg = Debug|Any CPU
		{1B5D6DD2-6481-4079-A7B5-49218A72B172}.Ad-Hoc|Any CPU.Build.0 = Debug|Any CPU
		{1B5D6DD2-6481-4079-A7B5-49218A72B172}.Ad-Hoc|Any CPU.Deploy.0 = Debug|Any CPU
		{1B5D6DD2-6481-4079-A7B5-49218A72B172}.Ad-Hoc|iPhone.ActiveCfg = Debug|Any CPU
		{1B5D6DD2-6481-4079-A7B5-49218A72B172}.Ad-Hoc|iPhone.Build.0 = Debug|Any CPU
		{1B5D6DD2-6481-4079-A7B5-49218A72B172}.Ad-Hoc|iPhone.Deploy.0 = Debug|Any CPU
		{1B5D6DD2-6481-4079-A7B5-49218A72B172}.Ad-Hoc|iPhoneSimulator.ActiveCfg = Debug|Any CPU
		{1B5D6DD2-6481-4079-A7B5-49218A72B172}.Ad-Hoc|iPhoneSimulator.Build.0 = Debug|Any CPU
		{1B5D6DD2-6481-4079-A7B5-49218A72B172}.Ad-Hoc|iPhoneSimulator.Deploy.0 = Debug|Any CPU
		{1B5D6DD2-6481-4079-A7B5-49218A72B172}.AppStore|Any CPU.ActiveCfg = Debug|Any CPU
		{1B5D6DD2-6481-4079-A7B5-49218A72B172}.AppStore|Any CPU.Build.0 = Debug|Any CPU
		{1B5D6DD2-6481-4079-A7B5-49218A72B172}.AppStore|Any CPU.Deploy.0 = Debug|Any CPU
		{1B5D6DD2-6481-4079-A7B5-49218A72B172}.AppStore|iPhone.ActiveCfg = Debug|Any CPU
		{1B5D6DD2-6481-4079-A7B5-49218A72B172}.AppStore|iPhone.Build.0 = Debug|Any CPU
		{1B5D6DD2-6481-4079-A7B5-49218A72B172}.AppStore|iPhone.Deploy.0 = Debug|Any CPU
		{1B5D6DD2-6481-4079-A7B5-49218A72B172}.AppStore|iPhoneSimulator.ActiveCfg = Debug|Any CPU
		{1B5D6DD2-6481-4079-A7B5-49218A72B172}.AppStore|iPhoneSimulator.Build.0 = Debug|Any CPU
		{1B5D6DD2-6481-4079-A7B5-49218A72B172}.AppStore|iPhoneSimulator.Deploy.0 = Debug|Any CPU
		{1B5D6DD2-6481-4079-A7B5-49218A72B172}.Debug|Any CPU.ActiveCfg = Debug|Any CPU
		{1B5D6DD2-6481-4079-A7B5-49218A72B172}.Debug|Any CPU.Build.0 = Debug|Any CPU
		{1B5D6DD2-6481-4079-A7B5-49218A72B172}.Debug|Any CPU.Deploy.0 = Debug|Any CPU
		{1B5D6DD2-6481-4079-A7B5-49218A72B172}.Debug|iPhone.ActiveCfg = Debug|Any CPU
		{1B5D6DD2-6481-4079-A7B5-49218A72B172}.Debug|iPhone.Build.0 = Debug|Any CPU
		{1B5D6DD2-6481-4079-A7B5-49218A72B172}.Debug|iPhone.Deploy.0 = Debug|Any CPU
		{1B5D6DD2-6481-4079-A7B5-49218A72B172}.Debug|iPhoneSimulator.ActiveCfg = Debug|Any CPU
		{1B5D6DD2-6481-4079-A7B5-49218A72B172}.Debug|iPhoneSimulator.Build.0 = Debug|Any CPU
		{1B5D6DD2-6481-4079-A7B5-49218A72B172}.Debug|iPhoneSimulator.Deploy.0 = Debug|Any CPU
		{1B5D6DD2-6481-4079-A7B5-49218A72B172}.Release|Any CPU.ActiveCfg = Release|Any CPU
		{1B5D6DD2-6481-4079-A7B5-49218A72B172}.Release|Any CPU.Build.0 = Release|Any CPU
		{1B5D6DD2-6481-4079-A7B5-49218A72B172}.Release|Any CPU.Deploy.0 = Release|Any CPU
		{1B5D6DD2-6481-4079-A7B5-49218A72B172}.Release|iPhone.ActiveCfg = Release|Any CPU
		{1B5D6DD2-6481-4079-A7B5-49218A72B172}.Release|iPhone.Build.0 = Release|Any CPU
		{1B5D6DD2-6481-4079-A7B5-49218A72B172}.Release|iPhone.Deploy.0 = Release|Any CPU
		{1B5D6DD2-6481-4079-A7B5-49218A72B172}.Release|iPhoneSimulator.ActiveCfg = Release|Any CPU
		{1B5D6DD2-6481-4079-A7B5-49218A72B172}.Release|iPhoneSimulator.Build.0 = Release|Any CPU
		{1B5D6DD2-6481-4079-A7B5-49218A72B172}.Release|iPhoneSimulator.Deploy.0 = Release|Any CPU
		{C09DEA28-774E-48A0-880D-FF387E4AA6AA}.Ad-Hoc|Any CPU.ActiveCfg = Release|Any CPU
		{C09DEA28-774E-48A0-880D-FF387E4AA6AA}.Ad-Hoc|Any CPU.Build.0 = Release|Any CPU
		{C09DEA28-774E-48A0-880D-FF387E4AA6AA}.Ad-Hoc|iPhone.ActiveCfg = Release|Any CPU
		{C09DEA28-774E-48A0-880D-FF387E4AA6AA}.Ad-Hoc|iPhone.Build.0 = Release|Any CPU
		{C09DEA28-774E-48A0-880D-FF387E4AA6AA}.Ad-Hoc|iPhoneSimulator.ActiveCfg = Release|Any CPU
		{C09DEA28-774E-48A0-880D-FF387E4AA6AA}.Ad-Hoc|iPhoneSimulator.Build.0 = Release|Any CPU
		{C09DEA28-774E-48A0-880D-FF387E4AA6AA}.AppStore|Any CPU.ActiveCfg = Release|Any CPU
		{C09DEA28-774E-48A0-880D-FF387E4AA6AA}.AppStore|Any CPU.Build.0 = Release|Any CPU
		{C09DEA28-774E-48A0-880D-FF387E4AA6AA}.AppStore|iPhone.ActiveCfg = Release|Any CPU
		{C09DEA28-774E-48A0-880D-FF387E4AA6AA}.AppStore|iPhone.Build.0 = Release|Any CPU
		{C09DEA28-774E-48A0-880D-FF387E4AA6AA}.AppStore|iPhoneSimulator.ActiveCfg = Release|Any CPU
		{C09DEA28-774E-48A0-880D-FF387E4AA6AA}.AppStore|iPhoneSimulator.Build.0 = Release|Any CPU
		{C09DEA28-774E-48A0-880D-FF387E4AA6AA}.Debug|Any CPU.ActiveCfg = Debug|Any CPU
		{C09DEA28-774E-48A0-880D-FF387E4AA6AA}.Debug|Any CPU.Build.0 = Debug|Any CPU
		{C09DEA28-774E-48A0-880D-FF387E4AA6AA}.Debug|iPhone.ActiveCfg = Debug|Any CPU
		{C09DEA28-774E-48A0-880D-FF387E4AA6AA}.Debug|iPhone.Build.0 = Debug|Any CPU
		{C09DEA28-774E-48A0-880D-FF387E4AA6AA}.Debug|iPhoneSimulator.ActiveCfg = Debug|Any CPU
		{C09DEA28-774E-48A0-880D-FF387E4AA6AA}.Debug|iPhoneSimulator.Build.0 = Debug|Any CPU
		{C09DEA28-774E-48A0-880D-FF387E4AA6AA}.Release|Any CPU.ActiveCfg = Release|Any CPU
		{C09DEA28-774E-48A0-880D-FF387E4AA6AA}.Release|Any CPU.Build.0 = Release|Any CPU
		{C09DEA28-774E-48A0-880D-FF387E4AA6AA}.Release|iPhone.ActiveCfg = Release|Any CPU
		{C09DEA28-774E-48A0-880D-FF387E4AA6AA}.Release|iPhone.Build.0 = Release|Any CPU
		{C09DEA28-774E-48A0-880D-FF387E4AA6AA}.Release|iPhoneSimulator.ActiveCfg = Release|Any CPU
		{C09DEA28-774E-48A0-880D-FF387E4AA6AA}.Release|iPhoneSimulator.Build.0 = Release|Any CPU
		{0DBD983F-BD8F-4BD6-B08A-AD28457D35EF}.Ad-Hoc|Any CPU.ActiveCfg = Release|Any CPU
		{0DBD983F-BD8F-4BD6-B08A-AD28457D35EF}.Ad-Hoc|Any CPU.Build.0 = Release|Any CPU
		{0DBD983F-BD8F-4BD6-B08A-AD28457D35EF}.Ad-Hoc|iPhone.ActiveCfg = Release|Any CPU
		{0DBD983F-BD8F-4BD6-B08A-AD28457D35EF}.Ad-Hoc|iPhone.Build.0 = Release|Any CPU
		{0DBD983F-BD8F-4BD6-B08A-AD28457D35EF}.Ad-Hoc|iPhoneSimulator.ActiveCfg = Release|Any CPU
		{0DBD983F-BD8F-4BD6-B08A-AD28457D35EF}.Ad-Hoc|iPhoneSimulator.Build.0 = Release|Any CPU
		{0DBD983F-BD8F-4BD6-B08A-AD28457D35EF}.AppStore|Any CPU.ActiveCfg = Release|Any CPU
		{0DBD983F-BD8F-4BD6-B08A-AD28457D35EF}.AppStore|Any CPU.Build.0 = Release|Any CPU
		{0DBD983F-BD8F-4BD6-B08A-AD28457D35EF}.AppStore|iPhone.ActiveCfg = Release|Any CPU
		{0DBD983F-BD8F-4BD6-B08A-AD28457D35EF}.AppStore|iPhone.Build.0 = Release|Any CPU
		{0DBD983F-BD8F-4BD6-B08A-AD28457D35EF}.AppStore|iPhoneSimulator.ActiveCfg = Release|Any CPU
		{0DBD983F-BD8F-4BD6-B08A-AD28457D35EF}.AppStore|iPhoneSimulator.Build.0 = Release|Any CPU
		{0DBD983F-BD8F-4BD6-B08A-AD28457D35EF}.Debug|Any CPU.ActiveCfg = Debug|Any CPU
		{0DBD983F-BD8F-4BD6-B08A-AD28457D35EF}.Debug|Any CPU.Build.0 = Debug|Any CPU
		{0DBD983F-BD8F-4BD6-B08A-AD28457D35EF}.Debug|iPhone.ActiveCfg = Debug|Any CPU
		{0DBD983F-BD8F-4BD6-B08A-AD28457D35EF}.Debug|iPhone.Build.0 = Debug|Any CPU
		{0DBD983F-BD8F-4BD6-B08A-AD28457D35EF}.Debug|iPhoneSimulator.ActiveCfg = Debug|Any CPU
		{0DBD983F-BD8F-4BD6-B08A-AD28457D35EF}.Debug|iPhoneSimulator.Build.0 = Debug|Any CPU
		{0DBD983F-BD8F-4BD6-B08A-AD28457D35EF}.Release|Any CPU.ActiveCfg = Release|Any CPU
		{0DBD983F-BD8F-4BD6-B08A-AD28457D35EF}.Release|Any CPU.Build.0 = Release|Any CPU
		{0DBD983F-BD8F-4BD6-B08A-AD28457D35EF}.Release|iPhone.ActiveCfg = Release|Any CPU
		{0DBD983F-BD8F-4BD6-B08A-AD28457D35EF}.Release|iPhone.Build.0 = Release|Any CPU
		{0DBD983F-BD8F-4BD6-B08A-AD28457D35EF}.Release|iPhoneSimulator.ActiveCfg = Release|Any CPU
		{0DBD983F-BD8F-4BD6-B08A-AD28457D35EF}.Release|iPhoneSimulator.Build.0 = Release|Any CPU
		{F2DC166E-992E-410A-875E-C0CF50566CD9}.Ad-Hoc|Any CPU.ActiveCfg = Release|Any CPU
		{F2DC166E-992E-410A-875E-C0CF50566CD9}.Ad-Hoc|Any CPU.Build.0 = Release|Any CPU
		{F2DC166E-992E-410A-875E-C0CF50566CD9}.Ad-Hoc|iPhone.ActiveCfg = Release|Any CPU
		{F2DC166E-992E-410A-875E-C0CF50566CD9}.Ad-Hoc|iPhone.Build.0 = Release|Any CPU
		{F2DC166E-992E-410A-875E-C0CF50566CD9}.Ad-Hoc|iPhoneSimulator.ActiveCfg = Release|Any CPU
		{F2DC166E-992E-410A-875E-C0CF50566CD9}.Ad-Hoc|iPhoneSimulator.Build.0 = Release|Any CPU
		{F2DC166E-992E-410A-875E-C0CF50566CD9}.AppStore|Any CPU.ActiveCfg = Release|Any CPU
		{F2DC166E-992E-410A-875E-C0CF50566CD9}.AppStore|Any CPU.Build.0 = Release|Any CPU
		{F2DC166E-992E-410A-875E-C0CF50566CD9}.AppStore|iPhone.ActiveCfg = Release|Any CPU
		{F2DC166E-992E-410A-875E-C0CF50566CD9}.AppStore|iPhone.Build.0 = Release|Any CPU
		{F2DC166E-992E-410A-875E-C0CF50566CD9}.AppStore|iPhoneSimulator.ActiveCfg = Release|Any CPU
		{F2DC166E-992E-410A-875E-C0CF50566CD9}.AppStore|iPhoneSimulator.Build.0 = Release|Any CPU
		{F2DC166E-992E-410A-875E-C0CF50566CD9}.Debug|Any CPU.ActiveCfg = Debug|Any CPU
		{F2DC166E-992E-410A-875E-C0CF50566CD9}.Debug|Any CPU.Build.0 = Debug|Any CPU
		{F2DC166E-992E-410A-875E-C0CF50566CD9}.Debug|iPhone.ActiveCfg = Debug|Any CPU
		{F2DC166E-992E-410A-875E-C0CF50566CD9}.Debug|iPhone.Build.0 = Debug|Any CPU
		{F2DC166E-992E-410A-875E-C0CF50566CD9}.Debug|iPhoneSimulator.ActiveCfg = Debug|Any CPU
		{F2DC166E-992E-410A-875E-C0CF50566CD9}.Debug|iPhoneSimulator.Build.0 = Debug|Any CPU
		{F2DC166E-992E-410A-875E-C0CF50566CD9}.Release|Any CPU.ActiveCfg = Release|Any CPU
		{F2DC166E-992E-410A-875E-C0CF50566CD9}.Release|Any CPU.Build.0 = Release|Any CPU
		{F2DC166E-992E-410A-875E-C0CF50566CD9}.Release|iPhone.ActiveCfg = Release|Any CPU
		{F2DC166E-992E-410A-875E-C0CF50566CD9}.Release|iPhone.Build.0 = Release|Any CPU
		{F2DC166E-992E-410A-875E-C0CF50566CD9}.Release|iPhoneSimulator.ActiveCfg = Release|Any CPU
		{F2DC166E-992E-410A-875E-C0CF50566CD9}.Release|iPhoneSimulator.Build.0 = Release|Any CPU
	EndGlobalSection
	GlobalSection(SolutionProperties) = preSolution
		HideSolutionNode = FALSE
	EndGlobalSection
	GlobalSection(ExtensibilityGlobals) = postSolution
		SolutionGuid = {2A376925-0BC1-411E-A2BB-30572028D768}
	EndGlobalSection
EndGlobal
